
Microsoft Visual Studio Solution File, Format Version 12.00
# Visual Studio 15
VisualStudioVersion = 15.0.27428.2027
MinimumVisualStudioVersion = 10.0.40219.1
Project("{FAE04EC0-301F-11D3-BF4B-00C04F79EFBC}") = "HTML-API-Proj", "HTML-API-Proj\HTML-API-Proj.csproj", "{EE0E3D3A-AF14-4B51-ABEA-14CCEAA4F983}"
EndProject
Global
	GlobalSection(SolutionConfigurationPlatforms) = preSolution
		Debug|Any CPU = Debug|Any CPU
		Release|Any CPU = Release|Any CPU
	EndGlobalSection
	GlobalSection(ProjectConfigurationPlatforms) = postSolution
		{EE0E3D3A-AF14-4B51-ABEA-14CCEAA4F983}.Debug|Any CPU.ActiveCfg = Debug|Any CPU
		{EE0E3D3A-AF14-4B51-ABEA-14CCEAA4F983}.Debug|Any CPU.Build.0 = Debug|Any CPU
		{EE0E3D3A-AF14-4B51-ABEA-14CCEAA4F983}.Release|Any CPU.ActiveCfg = Release|Any CPU
		{EE0E3D3A-AF14-4B51-ABEA-14CCEAA4F983}.Release|Any CPU.Build.0 = Release|Any CPU
	EndGlobalSection
	GlobalSection(SolutionProperties) = preSolution
		HideSolutionNode = FALSE
	EndGlobalSection
	GlobalSection(ExtensibilityGlobals) = postSolution
		SolutionGuid = {E43CCA57-DCE2-485E-B621-E173F3A881E4}
	EndGlobalSection
EndGlobal
